
Microsoft Visual Studio Solution File, Format Version 12.00
# Visual Studio 2013
VisualStudioVersion = 12.0.40629.0
MinimumVisualStudioVersion = 10.0.40219.1
Project("{FAE04EC0-301F-11D3-BF4B-00C04F79EFBC}") = "03Supplier.Model", "Supplier.Model\03Supplier.Model.csproj", "{A9FF04AC-63D1-4983-971E-C1A060892E1E}"
EndProject
Project("{FAE04EC0-301F-11D3-BF4B-00C04F79EFBC}") = "04Supplier.Infrastructure", "Supplier.Infrastructure\04Supplier.Infrastructure.csproj", "{7ADE3F56-1F02-436C-BB47-4317B89F658E}"
EndProject
Project("{FAE04EC0-301F-11D3-BF4B-00C04F79EFBC}") = "02Supplier.Application", "Supplier.Application\02Supplier.Application.csproj", "{4FF1DE06-8A16-4743-B128-BA1D12342206}"
	ProjectSection(ProjectDependencies) = postProject
		{7ADE3F56-1F02-436C-BB47-4317B89F658E} = {7ADE3F56-1F02-436C-BB47-4317B89F658E}
	EndProjectSection
EndProject
Project("{FAE04EC0-301F-11D3-BF4B-00C04F79EFBC}") = "01Supplier.WindowsService", "Supplier.WindowsService\01Supplier.WindowsService.csproj", "{A156CF4B-CB3E-4810-ACBC-2C39D183CB10}"
EndProject
Project("{FAE04EC0-301F-11D3-BF4B-00C04F79EFBC}") = "05Supplier.Test", "Supplier.Test\05Supplier.Test.csproj", "{1F932594-2544-4554-8334-13B092958E3E}"
EndProject
Global
	GlobalSection(SolutionConfigurationPlatforms) = preSolution
		Debug|Any CPU = Debug|Any CPU
		Release|Any CPU = Release|Any CPU
	EndGlobalSection
	GlobalSection(ProjectConfigurationPlatforms) = postSolution
		{A9FF04AC-63D1-4983-971E-C1A060892E1E}.Debug|Any CPU.ActiveCfg = Debug|Any CPU
		{A9FF04AC-63D1-4983-971E-C1A060892E1E}.Debug|Any CPU.Build.0 = Debug|Any CPU
		{A9FF04AC-63D1-4983-971E-C1A060892E1E}.Release|Any CPU.ActiveCfg = Release|Any CPU
		{A9FF04AC-63D1-4983-971E-C1A060892E1E}.Release|Any CPU.Build.0 = Release|Any CPU
		{7ADE3F56-1F02-436C-BB47-4317B89F658E}.Debug|Any CPU.ActiveCfg = Debug|Any CPU
		{7ADE3F56-1F02-436C-BB47-4317B89F658E}.Debug|Any CPU.Build.0 = Debug|Any CPU
		{7ADE3F56-1F02-436C-BB47-4317B89F658E}.Release|Any CPU.ActiveCfg = Release|Any CPU
		{7ADE3F56-1F02-436C-BB47-4317B89F658E}.Release|Any CPU.Build.0 = Release|Any CPU
		{4FF1DE06-8A16-4743-B128-BA1D12342206}.Debug|Any CPU.ActiveCfg = Debug|Any CPU
		{4FF1DE06-8A16-4743-B128-BA1D12342206}.Debug|Any CPU.Build.0 = Debug|Any CPU
		{4FF1DE06-8A16-4743-B128-BA1D12342206}.Release|Any CPU.ActiveCfg = Release|Any CPU
		{4FF1DE06-8A16-4743-B128-BA1D12342206}.Release|Any CPU.Build.0 = Release|Any CPU
		{A156CF4B-CB3E-4810-ACBC-2C39D183CB10}.Debug|Any CPU.ActiveCfg = Debug|Any CPU
		{A156CF4B-CB3E-4810-ACBC-2C39D183CB10}.Debug|Any CPU.Build.0 = Debug|Any CPU
		{A156CF4B-CB3E-4810-ACBC-2C39D183CB10}.Release|Any CPU.ActiveCfg = Release|Any CPU
		{A156CF4B-CB3E-4810-ACBC-2C39D183CB10}.Release|Any CPU.Build.0 = Release|Any CPU
		{1F932594-2544-4554-8334-13B092958E3E}.Debug|Any CPU.ActiveCfg = Debug|Any CPU
		{1F932594-2544-4554-8334-13B092958E3E}.Debug|Any CPU.Build.0 = Debug|Any CPU
		{1F932594-2544-4554-8334-13B092958E3E}.Release|Any CPU.ActiveCfg = Release|Any CPU
		{1F932594-2544-4554-8334-13B092958E3E}.Release|Any CPU.Build.0 = Release|Any CPU
	EndGlobalSection
	GlobalSection(SolutionProperties) = preSolution
		HideSolutionNode = FALSE
	EndGlobalSection
EndGlobal
